github.com/go-encryptions/ccm v0.0.0-20260620055113-74db323be0b2 h1:Gky3CPkbtx6TdLJKw/liSsljOz561HDE0gGXoABDObI=
github.com/go-encryptions/ccm v0.0.0-20260620055113-74db323be0b2/go.mod h1:0XHNptBliXAeC9Ikl/maTnmj6+VWeJ5vZElyTprdYWI=
github.com/go-encryptions/ccm v0.0.0-20260806072937-9e4d464681aa h1:9j0Kriv7YtTrInG17SdDcoCJVl/8cOqhlMlwRBEbDuc=
github.com/go-encryptions/ccm v0.0.0-20260806072937-9e4d464681aa/go.mod h1:mdMMBlXE6sF9mCc1ryuifermVqwjHIOJPW0ZYVbYMMo=
github.com/go-encryptions/zfscrypt v0.0.0-20260623125925-033c4ad509ed h1:WaqYbb5Ia613X8QRW8J7rPqTN5M0P57tAoRKf1xpRts=
github.com/go-encryptions/zfscrypt v0.0.0-20260623125925-033c4ad509ed/go.mod h1:PzuGFDE4GvnezFgPEbaBdKFaPFsDdxIF8DpaqgdsvUQ=
github.com/go-encryptions/zfscrypt v0.0.0-20260830130459-aa897957219f h1:HYt3GLVBGLyY5ZZ6ro4dXxFK4xcO056flaPMf4yimC4=
github.com/go-encryptions/zfscrypt v0.0.0-20260830130459-aa897957219f/go.mod h1:MkX0lLL2T3FB/zMUcaMylaumxF0RTGjY4kBWc6c29VY=
github.com/go-filesystems/interface v0.0.0-20260622072638-0b01d4fb163f h1:5HnRecjgsND+ESeX7EgGNvYL5ofL+bzJTqcvcSGo1BI=
github.com/go-filesystems/interface v0.0.0-20260622072638-0b01d4fb163f/go.mod h1:9WZHAmuKzDWHFtncQuJ3rJYWnAcgX3VsupSqYITgftE=
github.com/go-filesystems/interface v0.2.0 h1:HmQRCkeS+K+q3WkI2WfGYfLV0zsKmCdAKTKWQNZjmAs=
github.com/go-filesystems/interface v0.2.0/go.mod h1:9MDfHNNKg9cW1qBa3hmURQj4jiWIdTo9Xpgdt8ZzvV8=
github.com/go-filesystems/interface v0.3.0 h1:cV4+2mvW1eCPyde+KIDRaGuIPAcr2sDgKrxGuGQr98k=
github.com/go-filesystems/interface v0.3.0/go.mod h1:9MDfHNNKg9cW1qBa3hmURQj4jiWIdTo9Xpgdt8ZzvV8=
github.com/go-volumes/gpt v0.0.0-20260622072431-e1d6ba3b531c h1:dpQtmDhaRvMiaQWByqrS2VY9yG75d4sdy6BOxbUZM1s=
github.com/go-volumes/gpt v0.0.0-20260622072431-e1d6ba3b531c/go.mod h1:eBAzPkLd8zHkg3WiYGk70M4g6PYY8S5K4JP+kEMs0mw=
github.com/go-volumes/gpt v0.0.0-20260830080217-f939ebaffdf6 h1:YgolUGkVNKbf1sM6fPh+WwDNhIhiai4XQ11FWHuBJDk=
github.com/go-volumes/gpt v0.0.0-20260830080217-f939ebaffdf6/go.mod h1:eBAzPkLd8zHkg3WiYGk70M4g6PYY8S5K4JP+kEMs0mw=
github.com/go-volumes/gpt v0.0.0-20260831115417-b3069a3ac03a h1:BOFd3NiCNWGkhr9+vxszNCLEFXfW7R7qPCtwsomYgSI=
github.com/go-volumes/gpt v0.0.0-20260831115417-b3069a3ac03a/go.mod h1:eBAzPkLd8zHkg3WiYGk70M4g6PYY8S5K4JP+kEMs0mw=
github.com/go-volumes/safeio v0.0.0-20260622072324-7f8eb19f6f8c h1:rOwNQiP0VPnyUcRjiVq9QTOCJkN9heon0325hZdFLaQ=
github.com/go-volumes/safeio v0.0.0-20260622072324-7f8eb19f6f8c/go.mod h1:QQdGwEUmPSdzD+OPq+ZcKso9ljssqgBXNk0/9z7moho=
github.com/go-volumes/safeio v0.0.0-20260830080216-c99e29c86f27 h1:EduBaCdy3n6ZuCdgEJeAN0PrVkfiPeTy0GAcb5Ej86Q=
github.com/go-volumes/safeio v0.0.0-20260830080216-c99e29c86f27/go.mod h1:QQdGwEUmPSdzD+OPq+ZcKso9ljssqgBXNk0/9z7moho=
github.com/go-volumes/safeio v0.0.0-20260831125406-d8f54b2890d4 h1:RKO58FmZvbvKh6wf+7Y8gohGJ0/2hq4N8L+x2kT9bak=
github.com/go-volumes/safeio v0.0.0-20260831125406-d8f54b2890d4/go.mod h1:QQdGwEUmPSdzD+OPq+ZcKso9ljssqgBXNk0/9z7moho=
github.com/klauspost/compress v1.18.6 h1:2jupLlAwFm95+YDR+NwD2MEfFO9d4z4Prjl1XXDjuao=
github.com/klauspost/compress v1.18.6/go.mod h1:cwPg85FWrGar70rWktvGQj8/hthj3wpl0PGDogxkrSQ=
github.com/klauspost/compress v1.19.2 h1:hMRETovs/pu/dVWN7zIT1PGG8t509MwT6bO7XSi26R8=
github.com/klauspost/compress v1.19.2/go.mod h1:cwPg85FWrGar70rWktvGQj8/hthj3wpl0PGDogxkrSQ=
