github.com/go-encryptions/ccm v0.0.0-20260927083542-1713f748107c h1:0f8ZiVPXxyHgusuL+1gntuusu5Z9inR35TR5tkrB/IA=
github.com/go-encryptions/ccm v0.0.0-20260927083542-1713f748107c/go.mod h1:mdMMBlXE6sF9mCc1ryuifermVqwjHIOJPW0ZYVbYMMo=
github.com/go-encryptions/zfscrypt v0.0.0-20260927173133-ff7dd33bb415 h1:3YjE759baK+ZvLMC0121vmjzVNttWw2uvMa83y/QqLk=
github.com/go-encryptions/zfscrypt v0.0.0-20260927173133-ff7dd33bb415/go.mod h1:rQEW3VMOGSV0fbGRarHNC8z+MYNa50PRIkcBP4HZBIU=
github.com/go-filesystems/interface v0.3.0 h1:cV4+2mvW1eCPyde+KIDRaGuIPAcr2sDgKrxGuGQr98k=
github.com/go-filesystems/interface v0.3.0/go.mod h1:9MDfHNNKg9cW1qBa3hmURQj4jiWIdTo9Xpgdt8ZzvV8=
github.com/go-volumes/gpt v0.2.0 h1:9qLfeS9pcyXbowgRJr0mf07u0IX9XzqYQW1UHK2X/qo=
github.com/go-volumes/gpt v0.2.0/go.mod h1:eBAzPkLd8zHkg3WiYGk70M4g6PYY8S5K4JP+kEMs0mw=
github.com/go-volumes/safeio v0.0.0-20260831125406-d8f54b2890d4 h1:RKO58FmZvbvKh6wf+7Y8gohGJ0/2hq4N8L+x2kT9bak=
github.com/go-volumes/safeio v0.0.0-20260831125406-d8f54b2890d4/go.mod h1:QQdGwEUmPSdzD+OPq+ZcKso9ljssqgBXNk0/9z7moho=
github.com/klauspost/compress v1.20.1 h1:T7kKElXUMXrUJ2E9QhQhxFtcK5rPyLdsGZvdbLMPdiQ=
github.com/klauspost/compress v1.20.1/go.mod h1:LUdAzn7YLVvxLpc7y3V1m40wESHTgc1422pwwBSKYuI=
